
Microsoft Visual Studio Solution File, Format Version 12.00
# Visual Studio 15
VisualStudioVersion = 15.0.28307.779
MinimumVisualStudioVersion = 10.0.40219.1
Project("{FAE04EC0-301F-11D3-BF4B-00C04F79EFBC}") = "helloword", "helloword\helloword.csproj", "{19954F7F-53D7-4E39-8F98-51A7F896C36F}"
EndProject
Global
	GlobalSection(SolutionConfigurationPlatforms) = preSolution
		Debug|Any CPU = Debug|Any CPU
		Release|Any CPU = Release|Any CPU
	EndGlobalSection
	GlobalSection(ProjectConfigurationPlatforms) = postSolution
		{19954F7F-53D7-4E39-8F98-51A7F896C36F}.Debug|Any CPU.ActiveCfg = Debug|Any CPU
		{19954F7F-53D7-4E39-8F98-51A7F896C36F}.Debug|Any CPU.Build.0 = Debug|Any CPU
		{19954F7F-53D7-4E39-8F98-51A7F896C36F}.Release|Any CPU.ActiveCfg = Release|Any CPU
		{19954F7F-53D7-4E39-8F98-51A7F896C36F}.Release|Any CPU.Build.0 = Release|Any CPU
	EndGlobalSection
	GlobalSection(SolutionProperties) = preSolution
		HideSolutionNode = FALSE
	EndGlobalSection
	GlobalSection(ExtensibilityGlobals) = postSolution
		SolutionGuid = {4BE6C7E0-B51B-49EF-B3EC-9FEABDFBD968}
	EndGlobalSection
EndGlobal
